// !$*UTF8*$!
{
	archiveVersion = 1;
	classes = {
	};
	objectVersion = 50;
	objects = {

/* Begin PBXBuildFile section */
		B8120DE023C6327B004A3E42 /* Music.swift in Sources */ = {isa = PBXBuildFile; fileRef = B8120DDF23C6327B004A3E42 /* Music.swift */; };
		B8120DE223C632D8004A3E42 /* Exercises.swift in Sources */ = {isa = PBXBuildFile; fileRef = B8120DE123C632D8004A3E42 /* Exercises.swift */; };
		B8120DE423C632F8004A3E42 /* Tips.swift in Sources */ = {isa = PBXBuildFile; fileRef = B8120DE323C632F8004A3E42 /* Tips.swift */; };
		B8120DE623C6333C004A3E42 /* Journal.swift in Sources */ = {isa = PBXBuildFile; fileRef = B8120DE523C6333C004A3E42 /* Journal.swift */; };
		B8120DE823C6335B004A3E42 /* MakeMusic.swift in Sources */ = {isa = PBXBuildFile; fileRef = B8120DE723C6335B004A3E42 /* MakeMusic.swift */; };
		B8120DEA23C6337C004A3E42 /* PositivityReminders.swift in Sources */ = {isa = PBXBuildFile; fileRef = B8120DE923C6337C004A3E42 /* PositivityReminders.swift */; };
		B8120DEC23C63395004A3E42 /* GuidedBreathing.swift in Sources */ = {isa = PBXBuildFile; fileRef = B8120DEB23C63395004A3E42 /* GuidedBreathing.swift */; };
		B8120DEE23C633AF004A3E42 /* Game1.swift in Sources */ = {isa = PBXBuildFile; fileRef = B8120DED23C633AF004A3E42 /* Game1.swift */; };
		B8120DF023C633C6004A3E42 /* Game2.swift in Sources */ = {isa = PBXBuildFile; fileRef = B8120DEF23C633C6004A3E42 /* Game2.swift */; };
		B8120DF223C633E2004A3E42 /* NewsStories.swift in Sources */ = {isa = PBXBuildFile; fileRef = B8120DF123C633E2004A3E42 /* NewsStories.swift */; };
		B8CD203723C276E20031CC57 /* AppDelegate.swift in Sources */ = {isa = PBXBuildFile; fileRef = B8CD203623C276E20031CC57 /* AppDelegate.swift */; };
		B8CD203923C276E20031CC57 /* SceneDelegate.swift in Sources */ = {isa = PBXBuildFile; fileRef = B8CD203823C276E20031CC57 /* SceneDelegate.swift */; };
		B8CD203B23C276E20031CC57 /* Home.swift in Sources */ = {isa = PBXBuildFile; fileRef = B8CD203A23C276E20031CC57 /* Home.swift */; };
		B8CD203D23C276E20031CC57 /* Resources.swift in Sources */ = {isa = PBXBuildFile; fileRef = B8CD203C23C276E20031CC57 /* Resources.swift */; };
		B8CD204023C276E20031CC57 /* Main.storyboard in Resources */ = {isa = PBXBuildFile; fileRef = B8CD203E23C276E20031CC57 /* Main.storyboard */; };
		B8CD204223C276E50031CC57 /* Assets.xcassets in Resources */ = {isa = PBXBuildFile; fileRef = B8CD204123C276E50031CC57 /* Assets.xcassets */; };
		B8CD204523C276E50031CC57 /* LaunchScreen.storyboard in Resources */ = {isa = PBXBuildFile; fileRef = B8CD204323C276E50031CC57 /* LaunchScreen.storyboard */; };
		B8CD205023C276E50031CC57 /* MentalHealthTabBarTests.swift in Sources */ = {isa = PBXBuildFile; fileRef = B8CD204F23C276E50031CC57 /* MentalHealthTabBarTests.swift */; };
		B8CD205B23C276E50031CC57 /* MentalHealthTabBarUITests.swift in Sources */ = {isa = PBXBuildFile; fileRef = B8CD205A23C276E50031CC57 /* MentalHealthTabBarUITests.swift */; };
/* End PBXBuildFile section */

/* Begin PBXContainerItemProxy section */
		B8CD204C23C276E50031CC57 /* PBXContainerItemProxy */ = {
			isa = PBXContainerItemProxy;
			containerPortal = B8CD202B23C276E20031CC57 /* Project object */;
			proxyType = 1;
			remoteGlobalIDString = B8CD203223C276E20031CC57;
			remoteInfo = MentalHealthTabBar;
		};
		B8CD205723C276E50031CC57 /* PBXContainerItemProxy */ = {
			isa = PBXContainerItemProxy;
			containerPortal = B8CD202B23C276E20031CC57 /* Project object */;
			proxyType = 1;
			remoteGlobalIDString = B8CD203223C276E20031CC57;
			remoteInfo = MentalHealthTabBar;
		};
/* End PBXContainerItemProxy section */

/* Begin PBXFileReference section */
		B8120DDF23C6327B004A3E42 /* Music.swift */ = {isa = PBXFileReference; lastKnownFileType = sourcecode.swift; path = Music.swift; sourceTree = "<group>"; };
		B8120DE123C632D8004A3E42 /* Exercises.swift */ = {isa = PBXFileReference; lastKnownFileType = sourcecode.swift; path = Exercises.swift; sourceTree = "<group>"; };
		B8120DE323C632F8004A3E42 /* Tips.swift */ = {isa = PBXFileReference; lastKnownFileType = sourcecode.swift; path = Tips.swift; sourceTree = "<group>"; };
		B8120DE523C6333C004A3E42 /* Journal.swift */ = {isa = PBXFileReference; lastKnownFileType = sourcecode.swift; path = Journal.swift; sourceTree = "<group>"; };
		B8120DE723C6335B004A3E42 /* MakeMusic.swift */ = {isa = PBXFileReference; lastKnownFileType = sourcecode.swift; path = MakeMusic.swift; sourceTree = "<group>"; };
		B8120DE923C6337C004A3E42 /* PositivityReminders.swift */ = {isa = PBXFileReference; lastKnownFileType = sourcecode.swift; path = PositivityReminders.swift; sourceTree = "<group>"; };
		B8120DEB23C63395004A3E42 /* GuidedBreathing.swift */ = {isa = PBXFileReference; lastKnownFileType = sourcecode.swift; path = GuidedBreathing.swift; sourceTree = "<group>"; };
		B8120DED23C633AF004A3E42 /* Game1.swift */ = {isa = PBXFileReference; lastKnownFileType = sourcecode.swift; path = Game1.swift; sourceTree = "<group>"; };
		B8120DEF23C633C6004A3E42 /* Game2.swift */ = {isa = PBXFileReference; lastKnownFileType = sourcecode.swift; path = Game2.swift; sourceTree = "<group>"; };
		B8120DF123C633E2004A3E42 /* NewsStories.swift */ = {isa = PBXFileReference; lastKnownFileType = sourcecode.swift; path = NewsStories.swift; sourceTree = "<group>"; };
		B8CD203323C276E20031CC57 /* MentalHealthTabBar.app */ = {isa = PBXFileReference; explicitFileType = wrapper.application; includeInIndex = 0; path = MentalHealthTabBar.app; sourceTree = BUILT_PRODUCTS_DIR; };
		B8CD203623C276E20031CC57 /* AppDelegate.swift */ = {isa = PBXFileReference; lastKnownFileType = sourcecode.swift; path = AppDelegate.swift; sourceTree = "<group>"; };
		B8CD203823C276E20031CC57 /* SceneDelegate.swift */ = {isa = PBXFileReference; lastKnownFileType = sourcecode.swift; path = SceneDelegate.swift; sourceTree = "<group>"; };
		B8CD203A23C276E20031CC57 /* Home.swift */ = {isa = PBXFileReference; lastKnownFileType = sourcecode.swift; path = Home.swift; sourceTree = "<group>"; };
		B8CD203C23C276E20031CC57 /* Resources.swift */ = {isa = PBXFileReference; lastKnownFileType = sourcecode.swift; path = Resources.swift; sourceTree = "<group>"; };
		B8CD203F23C276E20031CC57 /* Base */ = {isa = PBXFileReference; lastKnownFileType = file.storyboard; name = Base; path = Base.lproj/Main.storyboard; sourceTree = "<group>"; };
		B8CD204123C276E50031CC57 /* Assets.xcassets */ = {isa = PBXFileReference; lastKnownFileType = folder.assetcatalog; path = Assets.xcassets; sourceTree = "<group>"; };
		B8CD204423C276E50031CC57 /* Base */ = {isa = PBXFileReference; lastKnownFileType = file.storyboard; name = Base; path = Base.lproj/LaunchScreen.storyboard; sourceTree = "<group>"; };
		B8CD204623C276E50031CC57 /* Info.plist */ = {isa = PBXFileReference; lastKnownFileType = text.plist.xml; path = Info.plist; sourceTree = "<group>"; };
		B8CD204B23C276E50031CC57 /* MentalHealthTabBarTests.xctest */ = {isa = PBXFileReference; explicitFileType = wrapper.cfbundle; includeInIndex = 0; path = MentalHealthTabBarTests.xctest; sourceTree = BUILT_PRODUCTS_DIR; };
		B8CD204F23C276E50031CC57 /* MentalHealthTabBarTests.swift */ = {isa = PBXFileReference; lastKnownFileType = sourcecode.swift; path = MentalHealthTabBarTests.swift; sourceTree = "<group>"; };
		B8CD205123C276E50031CC57 /* Info.plist */ = {isa = PBXFileReference; lastKnownFileType = text.plist.xml; path = Info.plist; sourceTree = "<group>"; };
		B8CD205623C276E50031CC57 /* MentalHealthTabBarUITests.xctest */ = {isa = PBXFileReference; explicitFileType = wrapper.cfbundle; includeInIndex = 0; path = MentalHealthTabBarUITests.xctest; sourceTree = BUILT_PRODUCTS_DIR; };
		B8CD205A23C276E50031CC57 /* MentalHealthTabBarUITests.swift */ = {isa = PBXFileReference; lastKnownFileType = sourcecode.swift; path = MentalHealthTabBarUITests.swift; sourceTree = "<group>"; };
		B8CD205C23C276E50031CC57 /* Info.plist */ = {isa = PBXFileReference; lastKnownFileType = text.plist.xml; path = Info.plist; sourceTree = "<group>"; };
/* End PBXFileReference section */

/* Begin PBXFrameworksBuildPhase section */
		B8CD203023C276E20031CC57 /* Frameworks */ = {
			isa = PBXFrameworksBuildPhase;
			buildActionMask = 2147483647;
			files = (
			);
			runOnlyForDeploymentPostprocessing = 0;
		};
		B8CD204823C276E50031CC57 /* Frameworks */ = {
			isa = PBXFrameworksBuildPhase;
			buildActionMask = 2147483647;
			files = (
			);
			runOnlyForDeploymentPostprocessing = 0;
		};
		B8CD205323C276E50031CC57 /* Frameworks */ = {
			isa = PBXFrameworksBuildPhase;
			buildActionMask = 2147483647;
			files = (
			);
			runOnlyForDeploymentPostprocessing = 0;
		};
/* End PBXFrameworksBuildPhase section */

/* Begin PBXGroup section */
		B8CD202A23C276E20031CC57 = {
			isa = PBXGroup;
			children = (
				B8CD203523C276E20031CC57 /* MentalHealthTabBar */,
				B8CD204E23C276E50031CC57 /* MentalHealthTabBarTests */,
				B8CD205923C276E50031CC57 /* MentalHealthTabBarUITests */,
				B8CD203423C276E20031CC57 /* Products */,
			);
			sourceTree = "<group>";
		};
		B8CD203423C276E20031CC57 /* Products */ = {
			isa = PBXGroup;
			children = (
				B8CD203323C276E20031CC57 /* MentalHealthTabBar.app */,
				B8CD204B23C276E50031CC57 /* MentalHealthTabBarTests.xctest */,
				B8CD205623C276E50031CC57 /* MentalHealthTabBarUITests.xctest */,
			);
			name = Products;
			sourceTree = "<group>";
		};
		B8CD203523C276E20031CC57 /* MentalHealthTabBar */ = {
			isa = PBXGroup;
			children = (
				B8CD203623C276E20031CC57 /* AppDelegate.swift */,
				B8CD203823C276E20031CC57 /* SceneDelegate.swift */,
				B8CD203A23C276E20031CC57 /* Home.swift */,
				B8CD203C23C276E20031CC57 /* Resources.swift */,
				B8120DDF23C6327B004A3E42 /* Music.swift */,
				B8120DE123C632D8004A3E42 /* Exercises.swift */,
				B8120DE323C632F8004A3E42 /* Tips.swift */,
				B8120DE523C6333C004A3E42 /* Journal.swift */,
				B8120DE723C6335B004A3E42 /* MakeMusic.swift */,
				B8120DE923C6337C004A3E42 /* PositivityReminders.swift */,
				B8120DEB23C63395004A3E42 /* GuidedBreathing.swift */,
				B8120DED23C633AF004A3E42 /* Game1.swift */,
				B8120DEF23C633C6004A3E42 /* Game2.swift */,
				B8120DF123C633E2004A3E42 /* NewsStories.swift */,
				B8CD203E23C276E20031CC57 /* Main.storyboard */,
				B8CD204123C276E50031CC57 /* Assets.xcassets */,
				B8CD204323C276E50031CC57 /* LaunchScreen.storyboard */,
				B8CD204623C276E50031CC57 /* Info.plist */,
			);
			path = MentalHealthTabBar;
			sourceTree = "<group>";
		};
		B8CD204E23C276E50031CC57 /* MentalHealthTabBarTests */ = {
			isa = PBXGroup;
			children = (
				B8CD204F23C276E50031CC57 /* MentalHealthTabBarTests.swift */,
				B8CD205123C276E50031CC57 /* Info.plist */,
			);
			path = MentalHealthTabBarTests;
			sourceTree = "<group>";
		};
		B8CD205923C276E50031CC57 /* MentalHealthTabBarUITests */ = {
			isa = PBXGroup;
			children = (
				B8CD205A23C276E50031CC57 /* MentalHealthTabBarUITests.swift */,
				B8CD205C23C276E50031CC57 /* Info.plist */,
			);
			path = MentalHealthTabBarUITests;
			sourceTree = "<group>";
		};
/* End PBXGroup section */

/* Begin PBXNativeTarget section */
		B8CD203223C276E20031CC57 /* MentalHealthTabBar */ = {
			isa = PBXNativeTarget;
			buildConfigurationList = B8CD205F23C276E50031CC57 /* Build configuration list for PBXNativeTarget "MentalHealthTabBar" */;
			buildPhases = (
				B8CD202F23C276E20031CC57 /* Sources */,
				B8CD203023C276E20031CC57 /* Frameworks */,
				B8CD203123C276E20031CC57 /* Resources */,
			);
			buildRules = (
			);
			dependencies = (
			);
			name = MentalHealthTabBar;
			productName = MentalHealthTabBar;
			productReference = B8CD203323C276E20031CC57 /* MentalHealthTabBar.app */;
			productType = "com.apple.product-type.application";
		};
		B8CD204A23C276E50031CC57 /* MentalHealthTabBarTests */ = {
			isa = PBXNativeTarget;
			buildConfigurationList = B8CD206223C276E50031CC57 /* Build configuration list for PBXNativeTarget "MentalHealthTabBarTests" */;
			buildPhases = (
				B8CD204723C276E50031CC57 /* Sources */,
				B8CD204823C276E50031CC57 /* Frameworks */,
				B8CD204923C276E50031CC57 /* Resources */,
			);
			buildRules = (
			);
			dependencies = (
				B8CD204D23C276E50031CC57 /* PBXTargetDependency */,
			);
			name = MentalHealthTabBarTests;
			productName = MentalHealthTabBarTests;
			productReference = B8CD204B23C276E50031CC57 /* MentalHealthTabBarTests.xctest */;
			productType = "com.apple.product-type.bundle.unit-test";
		};
		B8CD205523C276E50031CC57 /* MentalHealthTabBarUITests */ = {
			isa = PBXNativeTarget;
			buildConfigurationList = B8CD206523C276E50031CC57 /* Build configuration list for PBXNativeTarget "MentalHealthTabBarUITests" */;
			buildPhases = (
				B8CD205223C276E50031CC57 /* Sources */,
				B8CD205323C276E50031CC57 /* Frameworks */,
				B8CD205423C276E50031CC57 /* Resources */,
			);
			buildRules = (
			);
			dependencies = (
				B8CD205823C276E50031CC57 /* PBXTargetDependency */,
			);
			name = MentalHealthTabBarUITests;
			productName = MentalHealthTabBarUITests;
			productReference = B8CD205623C276E50031CC57 /* MentalHealthTabBarUITests.xctest */;
			productType = "com.apple.product-type.bundle.ui-testing";
		};
/* End PBXNativeTarget section */

/* Begin PBXProject section */
		B8CD202B23C276E20031CC57 /* Project object */ = {
			isa = PBXProject;
			attributes = {
				LastSwiftUpdateCheck = 1120;
				LastUpgradeCheck = 1120;
				ORGANIZATIONNAME = "Amrita Malhotra";
				TargetAttributes = {
					B8CD203223C276E20031CC57 = {
						CreatedOnToolsVersion = 11.2.1;
					};
					B8CD204A23C276E50031CC57 = {
						CreatedOnToolsVersion = 11.2.1;
						TestTargetID = B8CD203223C276E20031CC57;
					};
					B8CD205523C276E50031CC57 = {
						CreatedOnToolsVersion = 11.2.1;
						TestTargetID = B8CD203223C276E20031CC57;
					};
				};
			};
			buildConfigurationList = B8CD202E23C276E20031CC57 /* Build configuration list for PBXProject "MentalHealthTabBar" */;
			compatibilityVersion = "Xcode 9.3";
			developmentRegion = en;
			hasScannedForEncodings = 0;
			knownRegions = (
				en,
				Base,
			);
			mainGroup = B8CD202A23C276E20031CC57;
			productRefGroup = B8CD203423C276E20031CC57 /* Products */;
			projectDirPath = "";
			projectRoot = "";
			targets = (
				B8CD203223C276E20031CC57 /* MentalHealthTabBar */,
				B8CD204A23C276E50031CC57 /* MentalHealthTabBarTests */,
				B8CD205523C276E50031CC57 /* MentalHealthTabBarUITests */,
			);
		};
/* End PBXProject section */

/* Begin PBXResourcesBuildPhase section */
		B8CD203123C276E20031CC57 /* Resources */ = {
			isa = PBXResourcesBuildPhase;
			buildActionMask = 2147483647;
			files = (
				B8CD204523C276E50031CC57 /* LaunchScreen.storyboard in Resources */,
				B8CD204223C276E50031CC57 /* Assets.xcassets in Resources */,
				B8CD204023C276E20031CC57 /* Main.storyboard in Resources */,
			);
			runOnlyForDeploymentPostprocessing = 0;
		};
		B8CD204923C276E50031CC57 /* Resources */ = {
			isa = PBXResourcesBuildPhase;
			buildActionMask = 2147483647;
			files = (
			);
			runOnlyForDeploymentPostprocessing = 0;
		};
		B8CD205423C276E50031CC57 /* Resources */ = {
			isa = PBXResourcesBuildPhase;
			buildActionMask = 2147483647;
			files = (
			);
			runOnlyForDeploymentPostprocessing = 0;
		};
/* End PBXResourcesBuildPhase section */

/* Begin PBXSourcesBuildPhase section */
		B8CD202F23C276E20031CC57 /* Sources */ = {
			isa = PBXSourcesBuildPhase;
			buildActionMask = 2147483647;
			files = (
				B8CD203D23C276E20031CC57 /* Resources.swift in Sources */,
				B8120DE223C632D8004A3E42 /* Exercises.swift in Sources */,
				B8120DF223C633E2004A3E42 /* NewsStories.swift in Sources */,
				B8CD203B23C276E20031CC57 /* Home.swift in Sources */,
				B8120DE623C6333C004A3E42 /* Journal.swift in Sources */,
				B8120DE823C6335B004A3E42 /* MakeMusic.swift in Sources */,
				B8120DEE23C633AF004A3E42 /* Game1.swift in Sources */,
				B8120DE023C6327B004A3E42 /* Music.swift in Sources */,
				B8120DE423C632F8004A3E42 /* Tips.swift in Sources */,
				B8120DF023C633C6004A3E42 /* Game2.swift in Sources */,
				B8CD203723C276E20031CC57 /* AppDelegate.swift in Sources */,
				B8CD203923C276E20031CC57 /* SceneDelegate.swift in Sources */,
				B8120DEC23C63395004A3E42 /* GuidedBreathing.swift in Sources */,
				B8120DEA23C6337C004A3E42 /* PositivityReminders.swift in Sources */,
			);
			runOnlyForDeploymentPostprocessing = 0;
		};
		B8CD204723C276E50031CC57 /* Sources */ = {
			isa = PBXSourcesBuildPhase;
			buildActionMask = 2147483647;
			files = (
				B8CD205023C276E50031CC57 /* MentalHealthTabBarTests.swift in Sources */,
			);
			runOnlyForDeploymentPostprocessing = 0;
		};
		B8CD205223C276E50031CC57 /* Sources */ = {
			isa = PBXSourcesBuildPhase;
			buildActionMask = 2147483647;
			files = (
				B8CD205B23C276E50031CC57 /* MentalHealthTabBarUITests.swift in Sources */,
			);
			runOnlyForDeploymentPostprocessing = 0;
		};
/* End PBXSourcesBuildPhase section */

/* Begin PBXTargetDependency section */
		B8CD204D23C276E50031CC57 /* PBXTargetDependency */ = {
			isa = PBXTargetDependency;
			target = B8CD203223C276E20031CC57 /* MentalHealthTabBar */;
			targetProxy = B8CD204C23C276E50031CC57 /* PBXContainerItemProxy */;
		};
		B8CD205823C276E50031CC57 /* PBXTargetDependency */ = {
			isa = PBXTargetDependency;
			target = B8CD203223C276E20031CC57 /* MentalHealthTabBar */;
			targetProxy = B8CD205723C276E50031CC57 /* PBXContainerItemProxy */;
		};
/* End PBXTargetDependency section */

/* Begin PBXVariantGroup section */
		B8CD203E23C276E20031CC57 /* Main.storyboard */ = {
			isa = PBXVariantGroup;
			children = (
				B8CD203F23C276E20031CC57 /* Base */,
			);
			name = Main.storyboard;
			sourceTree = "<group>";
		};
		B8CD204323C276E50031CC57 /* LaunchScreen.storyboard */ = {
			isa = PBXVariantGroup;
			children = (
				B8CD204423C276E50031CC57 /* Base */,
			);
			name = LaunchScreen.storyboard;
			sourceTree = "<group>";
		};
/* End PBXVariantGroup section */

/* Begin XCBuildConfiguration section */
		B8CD205D23C276E50031CC57 /* Debug */ = {
			isa = XCBuildConfiguration;
			buildSettings = {
				ALWAYS_SEARCH_USER_PATHS = NO;
				CLANG_ANALYZER_NONNULL = YES;
				CLANG_ANALYZER_NUMBER_OBJECT_CONVERSION = YES_AGGRESSIVE;
				CLANG_CXX_LANGUAGE_STANDARD = "gnu++14";
				CLANG_CXX_LIBRARY = "libc++";
				CLANG_ENABLE_MODULES = YES;
				CLANG_ENABLE_OBJC_ARC = YES;
				CLANG_ENABLE_OBJC_WEAK = YES;
				CLANG_WARN_BLOCK_CAPTURE_AUTORELEASING = YES;
				CLANG_WARN_BOOL_CONVERSION = YES;
				CLANG_WARN_COMMA = YES;
				CLANG_WARN_CONSTANT_CONVERSION = YES;
				CLANG_WARN_DEPRECATED_OBJC_IMPLEMENTATIONS = YES;
				CLANG_WARN_DIRECT_OBJC_ISA_USAGE = YES_ERROR;
				CLANG_WARN_DOCUMENTATION_COMMENTS = YES;
				CLANG_WARN_EMPTY_BODY = YES;
				CLANG_WARN_ENUM_CONVERSION = YES;
				CLANG_WARN_INFINITE_RECURSION = YES;
				CLANG_WARN_INT_CONVERSION = YES;
				CLANG_WARN_NON_LITERAL_NULL_CONVERSION = YES;
				CLANG_WARN_OBJC_IMPLICIT_RETAIN_SELF = YES;
				CLANG_WARN_OBJC_LITERAL_CONVERSION = YES;
				CLANG_WARN_OBJC_ROOT_CLASS = YES_ERROR;
				CLANG_WARN_RANGE_LOOP_ANALYSIS = YES;
				CLANG_WARN_STRICT_PROTOTYPES = YES;
				CLANG_WARN_SUSPICIOUS_MOVE = YES;
				CLANG_WARN_UNGUARDED_AVAILABILITY = YES_AGGRESSIVE;
				CLANG_WARN_UNREACHABLE_CODE = YES;
				CLANG_WARN__DUPLICATE_METHOD_MATCH = YES;
				COPY_PHASE_STRIP = NO;
				DEBUG_INFORMATION_FORMAT = dwarf;
				ENABLE_STRICT_OBJC_MSGSEND = YES;
				ENABLE_TESTABILITY = YES;
				GCC_C_LANGUAGE_STANDARD = gnu11;
				GCC_DYNAMIC_NO_PIC = NO;
				GCC_NO_COMMON_BLOCKS = YES;
				GCC_OPTIMIZATION_LEVEL = 0;
				GCC_PREPROCESSOR_DEFINITIONS = (
					"DEBUG=1",
					"$(inherited)",
				);
				GCC_WARN_64_TO_32_BIT_CONVERSION = YES;
				GCC_WARN_ABOUT_RETURN_TYPE = YES_ERROR;
				GCC_WARN_UNDECLARED_SELECTOR = YES;
				GCC_WARN_UNINITIALIZED_AUTOS = YES_AGGRESSIVE;
				GCC_WARN_UNUSED_FUNCTION = YES;
				GCC_WARN_UNUSED_VARIABLE = YES;
				IPHONEOS_DEPLOYMENT_TARGET = 13.2;
				MTL_ENABLE_DEBUG_INFO = INCLUDE_SOURCE;
				MTL_FAST_MATH = YES;
				ONLY_ACTIVE_ARCH = YES;
				SDKROOT = iphoneos;
				SWIFT_ACTIVE_COMPILATION_CONDITIONS = DEBUG;
				SWIFT_OPTIMIZATION_LEVEL = "-Onone";
			};
			name = Debug;
		};
		B8CD205E23C276E50031CC57 /* Release */ = {
			isa = XCBuildConfiguration;
			buildSettings = {
				ALWAYS_SEARCH_USER_PATHS = NO;
				CLANG_ANALYZER_NONNULL = YES;
				CLANG_ANALYZER_NUMBER_OBJECT_CONVERSION = YES_AGGRESSIVE;
				CLANG_CXX_LANGUAGE_STANDARD = "gnu++14";
				CLANG_CXX_LIBRARY = "libc++";
				CLANG_ENABLE_MODULES = YES;
				CLANG_ENABLE_OBJC_ARC = YES;
				CLANG_ENABLE_OBJC_WEAK = YES;
				CLANG_WARN_BLOCK_CAPTURE_AUTORELEASING = YES;
				CLANG_WARN_BOOL_CONVERSION = YES;
				CLANG_WARN_COMMA = YES;
				CLANG_WARN_CONSTANT_CONVERSION = YES;
				CLANG_WARN_DEPRECATED_OBJC_IMPLEMENTATIONS = YES;
				CLANG_WARN_DIRECT_OBJC_ISA_USAGE = YES_ERROR;
				CLANG_WARN_DOCUMENTATION_COMMENTS = YES;
				CLANG_WARN_EMPTY_BODY = YES;
				CLANG_WARN_ENUM_CONVERSION = YES;
				CLANG_WARN_INFINITE_RECURSION = YES;
				CLANG_WARN_INT_CONVERSION = YES;
				CLANG_WARN_NON_LITERAL_NULL_CONVERSION = YES;
				CLANG_WARN_OBJC_IMPLICIT_RETAIN_SELF = YES;
				CLANG_WARN_OBJC_LITERAL_CONVERSION = YES;
				CLANG_WARN_OBJC_ROOT_CLASS = YES_ERROR;
				CLANG_WARN_RANGE_LOOP_ANALYSIS = YES;
				CLANG_WARN_STRICT_PROTOTYPES = YES;
				CLANG_WARN_SUSPICIOUS_MOVE = YES;
				CLANG_WARN_UNGUARDED_AVAILABILITY = YES_AGGRESSIVE;
				CLANG_WARN_UNREACHABLE_CODE = YES;
				CLANG_WARN__DUPLICATE_METHOD_MATCH = YES;
				COPY_PHASE_STRIP = NO;
				DEBUG_INFORMATION_FORMAT = "dwarf-with-dsym";
				ENABLE_NS_ASSERTIONS = NO;
				ENABLE_STRICT_OBJC_MSGSEND = YES;
				GCC_C_LANGUAGE_STANDARD = gnu11;
				GCC_NO_COMMON_BLOCKS = YES;
				GCC_WARN_64_TO_32_BIT_CONVERSION = YES;
				GCC_WARN_ABOUT_RETURN_TYPE = YES_ERROR;
				GCC_WARN_UNDECLARED_SELECTOR = YES;
				GCC_WARN_UNINITIALIZED_AUTOS = YES_AGGRESSIVE;
				GCC_WARN_UNUSED_FUNCTION = YES;
				GCC_WARN_UNUSED_VARIABLE = YES;
				IPHONEOS_DEPLOYMENT_TARGET = 13.2;
				MTL_ENABLE_DEBUG_INFO = NO;
				MTL_FAST_MATH = YES;
				SDKROOT = iphoneos;
				SWIFT_COMPILATION_MODE = wholemodule;
				SWIFT_OPTIMIZATION_LEVEL = "-O";
				VALIDATE_PRODUCT = YES;
			};
			name = Release;
		};
		B8CD206023C276E50031CC57 /* Debug */ = {
			isa = XCBuildConfiguration;
			buildSettings = {
				ASSETCATALOG_COMPILER_APPICON_NAME = AppIcon;
				CODE_SIGN_STYLE = Automatic;
				INFOPLIST_FILE = MentalHealthTabBar/Info.plist;
				LD_RUNPATH_SEARCH_PATHS = (
					"$(inherited)",
					"@executable_path/Frameworks",
				);
				PRODUCT_BUNDLE_IDENTIFIER = amritamalhotra.MentalHealthTabBar;
				PRODUCT_NAME = "$(TARGET_NAME)";
				SWIFT_VERSION = 5.0;
				TARGETED_DEVICE_FAMILY = "1,2";
			};
			name = Debug;
		};
		B8CD206123C276E50031CC57 /* Release */ = {
			isa = XCBuildConfiguration;
			buildSettings = {
				ASSETCATALOG_COMPILER_APPICON_NAME = AppIcon;
				CODE_SIGN_STYLE = Automatic;
				INFOPLIST_FILE = MentalHealthTabBar/Info.plist;
				LD_RUNPATH_SEARCH_PATHS = (
					"$(inherited)",
					"@executable_path/Frameworks",
				);
				PRODUCT_BUNDLE_IDENTIFIER = amritamalhotra.MentalHealthTabBar;
				PRODUCT_NAME = "$(TARGET_NAME)";
				SWIFT_VERSION = 5.0;
				TARGETED_DEVICE_FAMILY = "1,2";
			};
			name = Release;
		};
		B8CD206323C276E50031CC57 /* Debug */ = {
			isa = XCBuildConfiguration;
			buildSettings = {
				ALWAYS_EMBED_SWIFT_STANDARD_LIBRARIES = YES;
				BUNDLE_LOADER = "$(TEST_HOST)";
				CODE_SIGN_STYLE = Automatic;
				INFOPLIST_FILE = MentalHealthTabBarTests/Info.plist;
				IPHONEOS_DEPLOYMENT_TARGET = 13.2;
				LD_RUNPATH_SEARCH_PATHS = (
					"$(inherited)",
					"@executable_path/Frameworks",
					"@loader_path/Frameworks",
				);
				PRODUCT_BUNDLE_IDENTIFIER = amritamalhotra.MentalHealthTabBarTests;
				PRODUCT_NAME = "$(TARGET_NAME)";
				SWIFT_VERSION = 5.0;
				TARGETED_DEVICE_FAMILY = "1,2";
				TEST_HOST = "$(BUILT_PRODUCTS_DIR)/MentalHealthTabBar.app/MentalHealthTabBar";
			};
			name = Debug;
		};
		B8CD206423C276E50031CC57 /* Release */ = {
			isa = XCBuildConfiguration;
			buildSettings = {
				ALWAYS_EMBED_SWIFT_STANDARD_LIBRARIES = YES;
				BUNDLE_LOADER = "$(TEST_HOST)";
				CODE_SIGN_STYLE = Automatic;
				INFOPLIST_FILE = MentalHealthTabBarTests/Info.plist;
				IPHONEOS_DEPLOYMENT_TARGET = 13.2;
				LD_RUNPATH_SEARCH_PATHS = (
					"$(inherited)",
					"@executable_path/Frameworks",
					"@loader_path/Frameworks",
				);
				PRODUCT_BUNDLE_IDENTIFIER = amritamalhotra.MentalHealthTabBarTests;
				PRODUCT_NAME = "$(TARGET_NAME)";
				SWIFT_VERSION = 5.0;
				TARGETED_DEVICE_FAMILY = "1,2";
				TEST_HOST = "$(BUILT_PRODUCTS_DIR)/MentalHealthTabBar.app/MentalHealthTabBar";
			};
			name = Release;
		};
		B8CD206623C276E50031CC57 /* Debug */ = {
			isa = XCBuildConfiguration;
			buildSettings = {
				ALWAYS_EMBED_SWIFT_STANDARD_LIBRARIES = YES;
				CODE_SIGN_STYLE = Automatic;
				INFOPLIST_FILE = MentalHealthTabBarUITests/Info.plist;
				LD_RUNPATH_SEARCH_PATHS = (
					"$(inherited)",
					"@executable_path/Frameworks",
					"@loader_path/Frameworks",
				);
				PRODUCT_BUNDLE_IDENTIFIER = amritamalhotra.MentalHealthTabBarUITests;
				PRODUCT_NAME = "$(TARGET_NAME)";
				SWIFT_VERSION = 5.0;
				TARGETED_DEVICE_FAMILY = "1,2";
				TEST_TARGET_NAME = MentalHealthTabBar;
			};
			name = Debug;
		};
		B8CD206723C276E50031CC57 /* Release */ = {
			isa = XCBuildConfiguration;
			buildSettings = {
				ALWAYS_EMBED_SWIFT_STANDARD_LIBRARIES = YES;
				CODE_SIGN_STYLE = Automatic;
				INFOPLIST_FILE = MentalHealthTabBarUITests/Info.plist;
				LD_RUNPATH_SEARCH_PATHS = (
					"$(inherited)",
					"@executable_path/Frameworks",
					"@loader_path/Frameworks",
				);
				PRODUCT_BUNDLE_IDENTIFIER = amritamalhotra.MentalHealthTabBarUITests;
				PRODUCT_NAME = "$(TARGET_NAME)";
				SWIFT_VERSION = 5.0;
				TARGETED_DEVICE_FAMILY = "1,2";
				TEST_TARGET_NAME = MentalHealthTabBar;
			};
			name = Release;
		};
/* End XCBuildConfiguration section */

/* Begin XCConfigurationList section */
		B8CD202E23C276E20031CC57 /* Build configuration list for PBXProject "MentalHealthTabBar" */ = {
			isa = XCConfigurationList;
			buildConfigurations = (
				B8CD205D23C276E50031CC57 /* Debug */,
				B8CD205E23C276E50031CC57 /* Release */,
			);
			defaultConfigurationIsVisible = 0;
			defaultConfigurationName = Release;
		};
		B8CD205F23C276E50031CC57 /* Build configuration list for PBXNativeTarget "MentalHealthTabBar" */ = {
			isa = XCConfigurationList;
			buildConfigurations = (
				B8CD206023C276E50031CC57 /* Debug */,
				B8CD206123C276E50031CC57 /* Release */,
			);
			defaultConfigurationIsVisible = 0;
			defaultConfigurationName = Release;
		};
		B8CD206223C276E50031CC57 /* Build configuration list for PBXNativeTarget "MentalHealthTabBarTests" */ = {
			isa = XCConfigurationList;
			buildConfigurations = (
				B8CD206323C276E50031CC57 /* Debug */,
				B8CD206423C276E50031CC57 /* Release */,
			);
			defaultConfigurationIsVisible = 0;
			defaultConfigurationName = Release;
		};
		B8CD206523C276E50031CC57 /* Build configuration list for PBXNativeTarget "MentalHealthTabBarUITests" */ = {
			isa = XCConfigurationList;
			buildConfigurations = (
				B8CD206623C276E50031CC57 /* Debug */,
				B8CD206723C276E50031CC57 /* Release */,
			);
			defaultConfigurationIsVisible = 0;
			defaultConfigurationName = Release;
		};
/* End XCConfigurationList section */
	};
	rootObject = B8CD202B23C276E20031CC57 /* Project object */;
}
